
Microsoft Visual Studio Solution File, Format Version 12.00
# Visual Studio Version 17
VisualStudioVersion = 17.13.35931.197
MinimumVisualStudioVersion = 10.0.40219.1
Project("{2150E333-8FDC-42A3-9474-1A3956D46DE8}") = "src", "src", "{02EA681E-C7D8-13C7-8484-4AC65E1B71E8}"
EndProject
Project("{FAE04EC0-301F-11D3-BF4B-00C04F79EFBC}") = "DogWalk_API", "DogWalk_API\DogWalk_API.csproj", "{B979DB40-D445-4E30-94B6-611DBEEECB95}"
EndProject
Project("{FAE04EC0-301F-11D3-BF4B-00C04F79EFBC}") = "DogWalk_Domain", "DogWalk_Domain\DogWalk_Domain.csproj", "{32CDAE14-C2B5-4CE8-A55F-7BB1EC014A34}"
EndProject
Project("{FAE04EC0-301F-11D3-BF4B-00C04F79EFBC}") = "DogWalk_Application", "DogWalk_Application\DogWalk_Application.csproj", "{039BD506-DB00-4593-ADC2-F511ECDCDE01}"
EndProject
Project("{FAE04EC0-301F-11D3-BF4B-00C04F79EFBC}") = "DogWalk_Infrastructure", "DogWalk_Infrastructure\DogWalk_Infrastructure.csproj", "{ADA05B5E-9D59-4E6B-A988-BCE5A38151EB}"
EndProject
Project("{2150E333-8FDC-42A3-9474-1A3956D46DE8}") = "tests", "tests", "{E480409A-70A5-4241-8171-3809A63D99A4}"
EndProject
Project("{FAE04EC0-301F-11D3-BF4B-00C04F79EFBC}") = "DogWalk_Domain_UnitTests", "DogWalk_Domain_UnitTests\DogWalk_Domain_UnitTests.csproj", "{D318952B-5672-476A-A98E-D4384EA79129}"
EndProject
Project("{FAE04EC0-301F-11D3-BF4B-00C04F79EFBC}") = "DogWalk_Application_UnitTests", "DogWalk_Application_UnitTests\DogWalk_Application_UnitTests.csproj", "{6C4E8761-B914-4FC8-992A-259CAB9339B8}"
EndProject
Project("{FAE04EC0-301F-11D3-BF4B-00C04F79EFBC}") = "Application_IntegrationTests", "Application_IntegrationTests\Application_IntegrationTests.csproj", "{2239EB73-BF65-4A84-9E20-3C543B7F35AA}"
EndProject
Project("{FAE04EC0-301F-11D3-BF4B-00C04F79EFBC}") = "ArchitectureTests", "ArchitectureTests\ArchitectureTests.csproj", "{CBE5713E-136D-4121-A4C6-51835F87D5F5}"
EndProject
Project("{FAE04EC0-301F-11D3-BF4B-00C04F79EFBC}") = "Api_FunctionalTests", "Api_FunctionalTests\Api_FunctionalTests.csproj", "{2D5E7C9B-DBAF-4691-9B2F-E659689889A8}"
EndProject
Global
	GlobalSection(SolutionConfigurationPlatforms) = preSolution
		Debug|Any CPU = Debug|Any CPU
		Release|Any CPU = Release|Any CPU
	EndGlobalSection
	GlobalSection(ProjectConfigurationPlatforms) = postSolution
		{B979DB40-D445-4E30-94B6-611DBEEECB95}.Debug|Any CPU.ActiveCfg = Debug|Any CPU
		{B979DB40-D445-4E30-94B6-611DBEEECB95}.Debug|Any CPU.Build.0 = Debug|Any CPU
		{B979DB40-D445-4E30-94B6-611DBEEECB95}.Release|Any CPU.ActiveCfg = Release|Any CPU
		{B979DB40-D445-4E30-94B6-611DBEEECB95}.Release|Any CPU.Build.0 = Release|Any CPU
		{32CDAE14-C2B5-4CE8-A55F-7BB1EC014A34}.Debug|Any CPU.ActiveCfg = Debug|Any CPU
		{32CDAE14-C2B5-4CE8-A55F-7BB1EC014A34}.Debug|Any CPU.Build.0 = Debug|Any CPU
		{32CDAE14-C2B5-4CE8-A55F-7BB1EC014A34}.Release|Any CPU.ActiveCfg = Release|Any CPU
		{32CDAE14-C2B5-4CE8-A55F-7BB1EC014A34}.Release|Any CPU.Build.0 = Release|Any CPU
		{039BD506-DB00-4593-ADC2-F511ECDCDE01}.Debug|Any CPU.ActiveCfg = Debug|Any CPU
		{039BD506-DB00-4593-ADC2-F511ECDCDE01}.Debug|Any CPU.Build.0 = Debug|Any CPU
		{039BD506-DB00-4593-ADC2-F511ECDCDE01}.Release|Any CPU.ActiveCfg = Release|Any CPU
		{039BD506-DB00-4593-ADC2-F511ECDCDE01}.Release|Any CPU.Build.0 = Release|Any CPU
		{ADA05B5E-9D59-4E6B-A988-BCE5A38151EB}.Debug|Any CPU.ActiveCfg = Debug|Any CPU
		{ADA05B5E-9D59-4E6B-A988-BCE5A38151EB}.Debug|Any CPU.Build.0 = Debug|Any CPU
		{ADA05B5E-9D59-4E6B-A988-BCE5A38151EB}.Release|Any CPU.ActiveCfg = Release|Any CPU
		{ADA05B5E-9D59-4E6B-A988-BCE5A38151EB}.Release|Any CPU.Build.0 = Release|Any CPU
		{D318952B-5672-476A-A98E-D4384EA79129}.Debug|Any CPU.ActiveCfg = Debug|Any CPU
		{D318952B-5672-476A-A98E-D4384EA79129}.Debug|Any CPU.Build.0 = Debug|Any CPU
		{D318952B-5672-476A-A98E-D4384EA79129}.Release|Any CPU.ActiveCfg = Release|Any CPU
		{D318952B-5672-476A-A98E-D4384EA79129}.Release|Any CPU.Build.0 = Release|Any CPU
		{6C4E8761-B914-4FC8-992A-259CAB9339B8}.Debug|Any CPU.ActiveCfg = Debug|Any CPU
		{6C4E8761-B914-4FC8-992A-259CAB9339B8}.Debug|Any CPU.Build.0 = Debug|Any CPU
		{6C4E8761-B914-4FC8-992A-259CAB9339B8}.Release|Any CPU.ActiveCfg = Release|Any CPU
		{6C4E8761-B914-4FC8-992A-259CAB9339B8}.Release|Any CPU.Build.0 = Release|Any CPU
		{2239EB73-BF65-4A84-9E20-3C543B7F35AA}.Debug|Any CPU.ActiveCfg = Debug|Any CPU
		{2239EB73-BF65-4A84-9E20-3C543B7F35AA}.Debug|Any CPU.Build.0 = Debug|Any CPU
		{2239EB73-BF65-4A84-9E20-3C543B7F35AA}.Release|Any CPU.ActiveCfg = Release|Any CPU
		{2239EB73-BF65-4A84-9E20-3C543B7F35AA}.Release|Any CPU.Build.0 = Release|Any CPU
		{CBE5713E-136D-4121-A4C6-51835F87D5F5}.Debug|Any CPU.ActiveCfg = Debug|Any CPU
		{CBE5713E-136D-4121-A4C6-51835F87D5F5}.Debug|Any CPU.Build.0 = Debug|Any CPU
		{CBE5713E-136D-4121-A4C6-51835F87D5F5}.Release|Any CPU.ActiveCfg = Release|Any CPU
		{CBE5713E-136D-4121-A4C6-51835F87D5F5}.Release|Any CPU.Build.0 = Release|Any CPU
		{2D5E7C9B-DBAF-4691-9B2F-E659689889A8}.Debug|Any CPU.ActiveCfg = Debug|Any CPU
		{2D5E7C9B-DBAF-4691-9B2F-E659689889A8}.Debug|Any CPU.Build.0 = Debug|Any CPU
		{2D5E7C9B-DBAF-4691-9B2F-E659689889A8}.Release|Any CPU.ActiveCfg = Release|Any CPU
		{2D5E7C9B-DBAF-4691-9B2F-E659689889A8}.Release|Any CPU.Build.0 = Release|Any CPU
	EndGlobalSection
	GlobalSection(SolutionProperties) = preSolution
		HideSolutionNode = FALSE
	EndGlobalSection
	GlobalSection(NestedProjects) = preSolution
		{B979DB40-D445-4E30-94B6-611DBEEECB95} = {02EA681E-C7D8-13C7-8484-4AC65E1B71E8}
		{32CDAE14-C2B5-4CE8-A55F-7BB1EC014A34} = {02EA681E-C7D8-13C7-8484-4AC65E1B71E8}
		{039BD506-DB00-4593-ADC2-F511ECDCDE01} = {02EA681E-C7D8-13C7-8484-4AC65E1B71E8}
		{ADA05B5E-9D59-4E6B-A988-BCE5A38151EB} = {02EA681E-C7D8-13C7-8484-4AC65E1B71E8}
		{D318952B-5672-476A-A98E-D4384EA79129} = {E480409A-70A5-4241-8171-3809A63D99A4}
		{6C4E8761-B914-4FC8-992A-259CAB9339B8} = {E480409A-70A5-4241-8171-3809A63D99A4}
		{2239EB73-BF65-4A84-9E20-3C543B7F35AA} = {E480409A-70A5-4241-8171-3809A63D99A4}
		{CBE5713E-136D-4121-A4C6-51835F87D5F5} = {E480409A-70A5-4241-8171-3809A63D99A4}
		{2D5E7C9B-DBAF-4691-9B2F-E659689889A8} = {E480409A-70A5-4241-8171-3809A63D99A4}
	EndGlobalSection
	GlobalSection(ExtensibilityGlobals) = postSolution
		SolutionGuid = {45BF345F-CA45-4FEC-8CB8-DFF579B7D329}
	EndGlobalSection
EndGlobal
